
Microsoft Visual Studio Solution File, Format Version 12.00
# Visual Studio Version 17
VisualStudioVersion = 17.10.35004.147
MinimumVisualStudioVersion = 10.0.40219.1
Project("{8BC9CEB8-8B4A-11D0-8D11-00A0C91BC942}") = "direct_injector", "direct_injector.vcxproj", "{C3D41040-AEE9-4616-8789-FB32FF3E8DCB}"
EndProject
Global
	GlobalSection(SolutionConfigurationPlatforms) = preSolution
		Debug|x64 = Debug|x64
		Debug|x86 = Debug|x86
		Release|x64 = Release|x64
		Release|x86 = Release|x86
	EndGlobalSection
	GlobalSection(ProjectConfigurationPlatforms) = postSolution
		{C3D41040-AEE9-4616-8789-FB32FF3E8DCB}.Debug|x64.ActiveCfg = Debug|x64
		{C3D41040-AEE9-4616-8789-FB32FF3E8DCB}.Debug|x64.Build.0 = Debug|x64
		{C3D41040-AEE9-4616-8789-FB32FF3E8DCB}.Debug|x86.ActiveCfg = Debug|Win32
		{C3D41040-AEE9-4616-8789-FB32FF3E8DCB}.Debug|x86.Build.0 = Debug|Win32
		{C3D41040-AEE9-4616-8789-FB32FF3E8DCB}.Release|x64.ActiveCfg = Release|x64
		{C3D41040-AEE9-4616-8789-FB32FF3E8DCB}.Release|x64.Build.0 = Release|x64
		{C3D41040-AEE9-4616-8789-FB32FF3E8DCB}.Release|x86.ActiveCfg = Release|Win32
		{C3D41040-AEE9-4616-8789-FB32FF3E8DCB}.Release|x86.Build.0 = Release|Win32
	EndGlobalSection
	GlobalSection(SolutionProperties) = preSolution
		HideSolutionNode = FALSE
	EndGlobalSection
	GlobalSection(ExtensibilityGlobals) = postSolution
		SolutionGuid = {10AFB33C-3ED4-4476-A101-641F89AC9E5A}
	EndGlobalSection
EndGlobal
